
Microsoft Visual Studio Solution File, Format Version 12.00
# Visual Studio Version 16
VisualStudioVersion = 16.0.30128.74
MinimumVisualStudioVersion = 15.0.26124.0
Project("{FAE04EC0-301F-11D3-BF4B-00C04F79EFBC}") = "SimUDuck", "SimUDuck\SimUDuck.csproj", "{2CFF7C4F-DA93-4A2F-B3A1-F4195663F33F}"
EndProject
Global
	GlobalSection(SolutionConfigurationPlatforms) = preSolution
		Debug|Any CPU = Debug|Any CPU
		Debug|x64 = Debug|x64
		Debug|x86 = Debug|x86
		Release|Any CPU = Release|Any CPU
		Release|x64 = Release|x64
		Release|x86 = Release|x86
	EndGlobalSection
	GlobalSection(ProjectConfigurationPlatforms) = postSolution
		{2CFF7C4F-DA93-4A2F-B3A1-F4195663F33F}.Debug|Any CPU.ActiveCfg = Debug|Any CPU
		{2CFF7C4F-DA93-4A2F-B3A1-F4195663F33F}.Debug|Any CPU.Build.0 = Debug|Any CPU
		{2CFF7C4F-DA93-4A2F-B3A1-F4195663F33F}.Debug|x64.ActiveCfg = Debug|Any CPU
		{2CFF7C4F-DA93-4A2F-B3A1-F4195663F33F}.Debug|x64.Build.0 = Debug|Any CPU
		{2CFF7C4F-DA93-4A2F-B3A1-F4195663F33F}.Debug|x86.ActiveCfg = Debug|Any CPU
		{2CFF7C4F-DA93-4A2F-B3A1-F4195663F33F}.Debug|x86.Build.0 = Debug|Any CPU
		{2CFF7C4F-DA93-4A2F-B3A1-F4195663F33F}.Release|Any CPU.ActiveCfg = Release|Any CPU
		{2CFF7C4F-DA93-4A2F-B3A1-F4195663F33F}.Release|Any CPU.Build.0 = Release|Any CPU
		{2CFF7C4F-DA93-4A2F-B3A1-F4195663F33F}.Release|x64.ActiveCfg = Release|Any CPU
		{2CFF7C4F-DA93-4A2F-B3A1-F4195663F33F}.Release|x64.Build.0 = Release|Any CPU
		{2CFF7C4F-DA93-4A2F-B3A1-F4195663F33F}.Release|x86.ActiveCfg = Release|Any CPU
		{2CFF7C4F-DA93-4A2F-B3A1-F4195663F33F}.Release|x86.Build.0 = Release|Any CPU
	EndGlobalSection
	GlobalSection(SolutionProperties) = preSolution
		HideSolutionNode = FALSE
	EndGlobalSection
	GlobalSection(ExtensibilityGlobals) = postSolution
		SolutionGuid = {3239128A-E4BA-458C-9CC2-FD0F419AEDE9}
	EndGlobalSection
EndGlobal
